// !$*UTF8*$!
{
	archiveVersion = 1;
	classes = {
	};
	objectVersion = 46;
	objects = {

/* Begin PBXBuildFile section */
		859DDAE51B4A7A710034BE2A /* AppDelegate.swift in Sources */ = {isa = PBXBuildFile; fileRef = 859DDAE41B4A7A710034BE2A /* AppDelegate.swift */; };
		859DDAE71B4A7A710034BE2A /* ViewController.swift in Sources */ = {isa = PBXBuildFile; fileRef = 859DDAE61B4A7A710034BE2A /* ViewController.swift */; };
		859DDAEA1B4A7A710034BE2A /* Main.storyboard in Resources */ = {isa = PBXBuildFile; fileRef = 859DDAE81B4A7A710034BE2A /* Main.storyboard */; };
		859DDAEC1B4A7A710034BE2A /* Images.xcassets in Resources */ = {isa = PBXBuildFile; fileRef = 859DDAEB1B4A7A710034BE2A /* Images.xcassets */; };
		859DDAEF1B4A7A710034BE2A /* LaunchScreen.xib in Resources */ = {isa = PBXBuildFile; fileRef = 859DDAED1B4A7A710034BE2A /* LaunchScreen.xib */; };
		859DDAFB1B4A7A710034BE2A /* PuzzleGameTests.swift in Sources */ = {isa = PBXBuildFile; fileRef = 859DDAFA1B4A7A710034BE2A /* PuzzleGameTests.swift */; };
		EA99F6DC1B4DCA2F0008639A /* SettingViewController.swift in Sources */ = {isa = PBXBuildFile; fileRef = EA99F6DB1B4DCA2F0008639A /* SettingViewController.swift */; };
/* End PBXBuildFile section */

/* Begin PBXContainerItemProxy section */
		859DDAF51B4A7A710034BE2A /* PBXContainerItemProxy */ = {
			isa = PBXContainerItemProxy;
			containerPortal = 859DDAD71B4A7A710034BE2A /* Project object */;
			proxyType = 1;
			remoteGlobalIDString = 859DDADE1B4A7A710034BE2A;
			remoteInfo = PuzzleGame;
		};
/* End PBXContainerItemProxy section */

/* Begin PBXFileReference section */
		859DDADF1B4A7A710034BE2A /* PuzzleGame.app */ = {isa = PBXFileReference; explicitFileType = wrapper.application; includeInIndex = 0; path = PuzzleGame.app; sourceTree = BUILT_PRODUCTS_DIR; };
		859DDAE31B4A7A710034BE2A /* Info.plist */ = {isa = PBXFileReference; lastKnownFileType = text.plist.xml; path = Info.plist; sourceTree = "<group>"; };
		859DDAE41B4A7A710034BE2A /* AppDelegate.swift */ = {isa = PBXFileReference; lastKnownFileType = sourcecode.swift; path = AppDelegate.swift; sourceTree = "<group>"; };
		859DDAE61B4A7A710034BE2A /* ViewController.swift */ = {isa = PBXFileReference; lastKnownFileType = sourcecode.swift; path = ViewController.swift; sourceTree = "<group>"; };
		859DDAE91B4A7A710034BE2A /* Base */ = {isa = PBXFileReference; lastKnownFileType = file.storyboard; name = Base; path = Base.lproj/Main.storyboard; sourceTree = "<group>"; };
		859DDAEB1B4A7A710034BE2A /* Images.xcassets */ = {isa = PBXFileReference; lastKnownFileType = folder.assetcatalog; path = Images.xcassets; sourceTree = "<group>"; };
		859DDAEE1B4A7A710034BE2A /* Base */ = {isa = PBXFileReference; lastKnownFileType = file.xib; name = Base; path = Base.lproj/LaunchScreen.xib; sourceTree = "<group>"; };
		859DDAF41B4A7A710034BE2A /* PuzzleGameTests.xctest */ = {isa = PBXFileReference; explicitFileType = wrapper.cfbundle; includeInIndex = 0; path = PuzzleGameTests.xctest; sourceTree = BUILT_PRODUCTS_DIR; };
		859DDAF91B4A7A710034BE2A /* Info.plist */ = {isa = PBXFileReference; lastKnownFileType = text.plist.xml; path = Info.plist; sourceTree = "<group>"; };
		859DDAFA1B4A7A710034BE2A /* PuzzleGameTests.swift */ = {isa = PBXFileReference; lastKnownFileType = sourcecode.swift; path = PuzzleGameTests.swift; sourceTree = "<group>"; };
		EA99F6DB1B4DCA2F0008639A /* SettingViewController.swift */ = {isa = PBXFileReference; fileEncoding = 4; lastKnownFileType = sourcecode.swift; path = SettingViewController.swift; sourceTree = "<group>"; };
/* End PBXFileReference section */

/* Begin PBXFrameworksBuildPhase section */
		859DDADC1B4A7A710034BE2A /* Frameworks */ = {
			isa = PBXFrameworksBuildPhase;
			buildActionMask = 2147483647;
			files = (
			);
			runOnlyForDeploymentPostprocessing = 0;
		};
		859DDAF11B4A7A710034BE2A /* Frameworks */ = {
			isa = PBXFrameworksBuildPhase;
			buildActionMask = 2147483647;
			files = (
			);
			runOnlyForDeploymentPostprocessing = 0;
		};
/* End PBXFrameworksBuildPhase section */

/* Begin PBXGroup section */
		859DDAD61B4A7A710034BE2A = {
			isa = PBXGroup;
			children = (
				859DDAE11B4A7A710034BE2A /* PuzzleGame */,
				859DDAF71B4A7A710034BE2A /* PuzzleGameTests */,
				859DDAE01B4A7A710034BE2A /* Products */,
			);
			sourceTree = "<group>";
		};
		859DDAE01B4A7A710034BE2A /* Products */ = {
			isa = PBXGroup;
			children = (
				859DDADF1B4A7A710034BE2A /* PuzzleGame.app */,
				859DDAF41B4A7A710034BE2A /* PuzzleGameTests.xctest */,
			);
			name = Products;
			sourceTree = "<group>";
		};
		859DDAE11B4A7A710034BE2A /* PuzzleGame */ = {
			isa = PBXGroup;
			children = (
				859DDAE41B4A7A710034BE2A /* AppDelegate.swift */,
				859DDAE61B4A7A710034BE2A /* ViewController.swift */,
				EA99F6DB1B4DCA2F0008639A /* SettingViewController.swift */,
				859DDAE81B4A7A710034BE2A /* Main.storyboard */,
				859DDAEB1B4A7A710034BE2A /* Images.xcassets */,
				859DDAED1B4A7A710034BE2A /* LaunchScreen.xib */,
				859DDAE21B4A7A710034BE2A /* Supporting Files */,
			);
			path = PuzzleGame;
			sourceTree = "<group>";
		};
		859DDAE21B4A7A710034BE2A /* Supporting Files */ = {
			isa = PBXGroup;
			children = (
				859DDAE31B4A7A710034BE2A /* Info.plist */,
			);
			name = "Supporting Files";
			sourceTree = "<group>";
		};
		859DDAF71B4A7A710034BE2A /* PuzzleGameTests */ = {
			isa = PBXGroup;
			children = (
				859DDAFA1B4A7A710034BE2A /* PuzzleGameTests.swift */,
				859DDAF81B4A7A710034BE2A /* Supporting Files */,
			);
			path = PuzzleGameTests;
			sourceTree = "<group>";
		};
		859DDAF81B4A7A710034BE2A /* Supporting Files */ = {
			isa = PBXGroup;
			children = (
				859DDAF91B4A7A710034BE2A /* Info.plist */,
			);
			name = "Supporting Files";
			sourceTree = "<group>";
		};
/* End PBXGroup section */

/* Begin PBXNativeTarget section */
		859DDADE1B4A7A710034BE2A /* PuzzleGame */ = {
			isa = PBXNativeTarget;
			buildConfigurationList = 859DDAFE1B4A7A710034BE2A /* Build configuration list for PBXNativeTarget "PuzzleGame" */;
			buildPhases = (
				859DDADB1B4A7A710034BE2A /* Sources */,
				859DDADC1B4A7A710034BE2A /* Frameworks */,
				859DDADD1B4A7A710034BE2A /* Resources */,
			);
			buildRules = (
			);
			dependencies = (
			);
			name = PuzzleGame;
			productName = PuzzleGame;
			productReference = 859DDADF1B4A7A710034BE2A /* PuzzleGame.app */;
			productType = "com.apple.product-type.application";
		};
		859DDAF31B4A7A710034BE2A /* PuzzleGameTests */ = {
			isa = PBXNativeTarget;
			buildConfigurationList = 859DDB011B4A7A710034BE2A /* Build configuration list for PBXNativeTarget "PuzzleGameTests" */;
			buildPhases = (
				859DDAF01B4A7A710034BE2A /* Sources */,
				859DDAF11B4A7A710034BE2A /* Frameworks */,
				859DDAF21B4A7A710034BE2A /* Resources */,
			);
			buildRules = (
			);
			dependencies = (
				859DDAF61B4A7A710034BE2A /* PBXTargetDependency */,
			);
			name = PuzzleGameTests;
			productName = PuzzleGameTests;
			productReference = 859DDAF41B4A7A710034BE2A /* PuzzleGameTests.xctest */;
			productType = "com.apple.product-type.bundle.unit-test";
		};
/* End PBXNativeTarget section */

/* Begin PBXProject section */
		859DDAD71B4A7A710034BE2A /* Project object */ = {
			isa = PBXProject;
			attributes = {
				LastUpgradeCheck = 0630;
				ORGANIZATIONNAME = shady;
				TargetAttributes = {
					859DDADE1B4A7A710034BE2A = {
						CreatedOnToolsVersion = 6.3.2;
					};
					859DDAF31B4A7A710034BE2A = {
						CreatedOnToolsVersion = 6.3.2;
						TestTargetID = 859DDADE1B4A7A710034BE2A;
					};
				};
			};
			buildConfigurationList = 859DDADA1B4A7A710034BE2A /* Build configuration list for PBXProject "PuzzleGame" */;
			compatibilityVersion = "Xcode 3.2";
			developmentRegion = English;
			hasScannedForEncodings = 0;
			knownRegions = (
				en,
				Base,
			);
			mainGroup = 859DDAD61B4A7A710034BE2A;
			productRefGroup = 859DDAE01B4A7A710034BE2A /* Products */;
			projectDirPath = "";
			projectRoot = "";
			targets = (
				859DDADE1B4A7A710034BE2A /* PuzzleGame */,
				859DDAF31B4A7A710034BE2A /* PuzzleGameTests */,
			);
		};
/* End PBXProject section */

/* Begin PBXResourcesBuildPhase section */
		859DDADD1B4A7A710034BE2A /* Resources */ = {
			isa = PBXResourcesBuildPhase;
			buildActionMask = 2147483647;
			files = (
				859DDAEA1B4A7A710034BE2A /* Main.storyboard in Resources */,
				859DDAEF1B4A7A710034BE2A /* LaunchScreen.xib in Resources */,
				859DDAEC1B4A7A710034BE2A /* Images.xcassets in Resources */,
			);
			runOnlyForDeploymentPostprocessing = 0;
		};
		859DDAF21B4A7A710034BE2A /* Resources */ = {
			isa = PBXResourcesBuildPhase;
			buildActionMask = 2147483647;
			files = (
			);
			runOnlyForDeploymentPostprocessing = 0;
		};
/* End PBXResourcesBuildPhase section */

/* Begin PBXSourcesBuildPhase section */
		859DDADB1B4A7A710034BE2A /* Sources */ = {
			isa = PBXSourcesBuildPhase;
			buildActionMask = 2147483647;
			files = (
				859DDAE71B4A7A710034BE2A /* ViewController.swift in Sources */,
				859DDAE51B4A7A710034BE2A /* AppDelegate.swift in Sources */,
				EA99F6DC1B4DCA2F0008639A /* SettingViewController.swift in Sources */,
			);
			runOnlyForDeploymentPostprocessing = 0;
		};
		859DDAF01B4A7A710034BE2A /* Sources */ = {
			isa = PBXSourcesBuildPhase;
			buildActionMask = 2147483647;
			files = (
				859DDAFB1B4A7A710034BE2A /* PuzzleGameTests.swift in Sources */,
			);
			runOnlyForDeploymentPostprocessing = 0;
		};
/* End PBXSourcesBuildPhase section */

/* Begin PBXTargetDependency section */
		859DDAF61B4A7A710034BE2A /* PBXTargetDependency */ = {
			isa = PBXTargetDependency;
			target = 859DDADE1B4A7A710034BE2A /* PuzzleGame */;
			targetProxy = 859DDAF51B4A7A710034BE2A /* PBXContainerItemProxy */;
		};
/* End PBXTargetDependency section */

/* Begin PBXVariantGroup section */
		859DDAE81B4A7A710034BE2A /* Main.storyboard */ = {
			isa = PBXVariantGroup;
			children = (
				859DDAE91B4A7A710034BE2A /* Base */,
			);
			name = Main.storyboard;
			sourceTree = "<group>";
		};
		859DDAED1B4A7A710034BE2A /* LaunchScreen.xib */ = {
			isa = PBXVariantGroup;
			children = (
				859DDAEE1B4A7A710034BE2A /* Base */,
			);
			name = LaunchScreen.xib;
			sourceTree = "<group>";
		};
/* End PBXVariantGroup section */

/* Begin XCBuildConfiguration section */
		859DDAFC1B4A7A710034BE2A /* Debug */ = {
			isa = XCBuildConfiguration;
			buildSettings = {
				ALWAYS_SEARCH_USER_PATHS = NO;
				CLANG_CXX_LANGUAGE_STANDARD = "gnu++0x";
				CLANG_CXX_LIBRARY = "libc++";
				CLANG_ENABLE_MODULES = YES;
				CLANG_ENABLE_OBJC_ARC = YES;
				CLANG_WARN_BOOL_CONVERSION = YES;
				CLANG_WARN_CONSTANT_CONVERSION = YES;
				CLANG_WARN_DIRECT_OBJC_ISA_USAGE = YES_ERROR;
				CLANG_WARN_EMPTY_BODY = YES;
				CLANG_WARN_ENUM_CONVERSION = YES;
				CLANG_WARN_INT_CONVERSION = YES;
				CLANG_WARN_OBJC_ROOT_CLASS = YES_ERROR;
				CLANG_WARN_UNREACHABLE_CODE = YES;
				CLANG_WARN__DUPLICATE_METHOD_MATCH = YES;
				"CODE_SIGN_IDENTITY[sdk=iphoneos*]" = "iPhone Developer";
				COPY_PHASE_STRIP = NO;
				DEBUG_INFORMATION_FORMAT = "dwarf-with-dsym";
				ENABLE_STRICT_OBJC_MSGSEND = YES;
				GCC_C_LANGUAGE_STANDARD = gnu99;
				GCC_DYNAMIC_NO_PIC = NO;
				GCC_NO_COMMON_BLOCKS = YES;
				GCC_OPTIMIZATION_LEVEL = 0;
				GCC_PREPROCESSOR_DEFINITIONS = (
					"DEBUG=1",
					"$(inherited)",
				);
				GCC_SYMBOLS_PRIVATE_EXTERN = NO;
				GCC_WARN_64_TO_32_BIT_CONVERSION = YES;
				GCC_WARN_ABOUT_RETURN_TYPE = YES_ERROR;
				GCC_WARN_UNDECLARED_SELECTOR = YES;
				GCC_WARN_UNINITIALIZED_AUTOS = YES_AGGRESSIVE;
				GCC_WARN_UNUSED_FUNCTION = YES;
				GCC_WARN_UNUSED_VARIABLE = YES;
				IPHONEOS_DEPLOYMENT_TARGET = 8.3;
				MTL_ENABLE_DEBUG_INFO = YES;
				ONLY_ACTIVE_ARCH = YES;
				SDKROOT = iphoneos;
				SWIFT_OPTIMIZATION_LEVEL = "-Onone";
			};
			name = Debug;
		};
		859DDAFD1B4A7A710034BE2A /* Release */ = {
			isa = XCBuildConfiguration;
			buildSettings = {
				ALWAYS_SEARCH_USER_PATHS = NO;
				CLANG_CXX_LANGUAGE_STANDARD = "gnu++0x";
				CLANG_CXX_LIBRARY = "libc++";
				CLANG_ENABLE_MODULES = YES;
				CLANG_ENABLE_OBJC_ARC = YES;
				CLANG_WARN_BOOL_CONVERSION = YES;
				CLANG_WARN_CONSTANT_CONVERSION = YES;
				CLANG_WARN_DIRECT_OBJC_ISA_USAGE = YES_ERROR;
				CLANG_WARN_EMPTY_BODY = YES;
				CLANG_WARN_ENUM_CONVERSION = YES;
				CLANG_WARN_INT_CONVERSION = YES;
				CLANG_WARN_OBJC_ROOT_CLASS = YES_ERROR;
				CLANG_WARN_UNREACHABLE_CODE = YES;
				CLANG_WARN__DUPLICATE_METHOD_MATCH = YES;
				"CODE_SIGN_IDENTITY[sdk=iphoneos*]" = "iPhone Developer";
				COPY_PHASE_STRIP = NO;
				DEBUG_INFORMATION_FORMAT = "dwarf-with-dsym";
				ENABLE_NS_ASSERTIONS = NO;
				ENABLE_STRICT_OBJC_MSGSEND = YES;
				GCC_C_LANGUAGE_STANDARD = gnu99;
				GCC_NO_COMMON_BLOCKS = YES;
				GCC_WARN_64_TO_32_BIT_CONVERSION = YES;
				GCC_WARN_ABOUT_RETURN_TYPE = YES_ERROR;
				GCC_WARN_UNDECLARED_SELECTOR = YES;
				GCC_WARN_UNINITIALIZED_AUTOS = YES_AGGRESSIVE;
				GCC_WARN_UNUSED_FUNCTION = YES;
				GCC_WARN_UNUSED_VARIABLE = YES;
				IPHONEOS_DEPLOYMENT_TARGET = 8.3;
				MTL_ENABLE_DEBUG_INFO = NO;
				SDKROOT = iphoneos;
				VALIDATE_PRODUCT = YES;
			};
			name = Release;
		};
		859DDAFF1B4A7A710034BE2A /* Debug */ = {
			isa = XCBuildConfiguration;
			buildSettings = {
				ASSETCATALOG_COMPILER_APPICON_NAME = AppIcon;
				INFOPLIST_FILE = PuzzleGame/Info.plist;
				LD_RUNPATH_SEARCH_PATHS = "$(inherited) @executable_path/Frameworks";
				PRODUCT_NAME = "$(TARGET_NAME)";
			};
			name = Debug;
		};
		859DDB001B4A7A710034BE2A /* Release */ = {
			isa = XCBuildConfiguration;
			buildSettings = {
				ASSETCATALOG_COMPILER_APPICON_NAME = AppIcon;
				INFOPLIST_FILE = PuzzleGame/Info.plist;
				LD_RUNPATH_SEARCH_PATHS = "$(inherited) @executable_path/Frameworks";
				PRODUCT_NAME = "$(TARGET_NAME)";
			};
			name = Release;
		};
		859DDB021B4A7A710034BE2A /* Debug */ = {
			isa = XCBuildConfiguration;
			buildSettings = {
				BUNDLE_LOADER = "$(TEST_HOST)";
				FRAMEWORK_SEARCH_PATHS = (
					"$(SDKROOT)/Developer/Library/Frameworks",
					"$(inherited)",
				);
				GCC_PREPROCESSOR_DEFINITIONS = (
					"DEBUG=1",
					"$(inherited)",
				);
				INFOPLIST_FILE = PuzzleGameTests/Info.plist;
				LD_RUNPATH_SEARCH_PATHS = "$(inherited) @executable_path/Frameworks @loader_path/Frameworks";
				PRODUCT_NAME = "$(TARGET_NAME)";
				TEST_HOST = "$(BUILT_PRODUCTS_DIR)/PuzzleGame.app/PuzzleGame";
			};
			name = Debug;
		};
		859DDB031B4A7A710034BE2A /* Release */ = {
			isa = XCBuildConfiguration;
			buildSettings = {
				BUNDLE_LOADER = "$(TEST_HOST)";
				FRAMEWORK_SEARCH_PATHS = (
					"$(SDKROOT)/Developer/Library/Frameworks",
					"$(inherited)",
				);
				INFOPLIST_FILE = PuzzleGameTests/Info.plist;
				LD_RUNPATH_SEARCH_PATHS = "$(inherited) @executable_path/Frameworks @loader_path/Frameworks";
				PRODUCT_NAME = "$(TARGET_NAME)";
				TEST_HOST = "$(BUILT_PRODUCTS_DIR)/PuzzleGame.app/PuzzleGame";
			};
			name = Release;
		};
/* End XCBuildConfiguration section */

/* Begin XCConfigurationList section */
		859DDADA1B4A7A710034BE2A /* Build configuration list for PBXProject "PuzzleGame" */ = {
			isa = XCConfigurationList;
			buildConfigurations = (
				859DDAFC1B4A7A710034BE2A /* Debug */,
				859DDAFD1B4A7A710034BE2A /* Release */,
			);
			defaultConfigurationIsVisible = 0;
			defaultConfigurationName = Release;
		};
		859DDAFE1B4A7A710034BE2A /* Build configuration list for PBXNativeTarget "PuzzleGame" */ = {
			isa = XCConfigurationList;
			buildConfigurations = (
				859DDAFF1B4A7A710034BE2A /* Debug */,
				859DDB001B4A7A710034BE2A /* Release */,
			);
			defaultConfigurationIsVisible = 0;
			defaultConfigurationName = Release;
		};
		859DDB011B4A7A710034BE2A /* Build configuration list for PBXNativeTarget "PuzzleGameTests" */ = {
			isa = XCConfigurationList;
			buildConfigurations = (
				859DDB021B4A7A710034BE2A /* Debug */,
				859DDB031B4A7A710034BE2A /* Release */,
			);
			defaultConfigurationIsVisible = 0;
			defaultConfigurationName = Release;
		};
/* End XCConfigurationList section */
	};
	rootObject = 859DDAD71B4A7A710034BE2A /* Project object */;
}
